
Microsoft Visual Studio Solution File, Format Version 12.00
# Visual Studio 15
VisualStudioVersion = 15.0.28010.2041
MinimumVisualStudioVersion = 10.0.40219.1
Project("{9A19103F-16F7-4668-BE54-9A1E7A4F7556}") = "CqrsMovie.Seats.API", "CqrsMovie.Seats.API\CqrsMovie.Seats.API.csproj", "{258E93A1-D79B-457A-A284-777E736C2104}"
EndProject
Project("{2150E333-8FDC-42A3-9474-1A3956D46DE8}") = "Seats service", "Seats service", "{9E147D48-8096-4FD3-B6E9-F6999210F079}"
EndProject
Project("{2150E333-8FDC-42A3-9474-1A3956D46DE8}") = "Carts service", "Carts service", "{4FC3B7ED-685E-42D7-A18D-56E966E1E162}"
EndProject
Project("{9A19103F-16F7-4668-BE54-9A1E7A4F7556}") = "CqrsMovie.Seats.Domain", "CqrsMovie.Seats.Domain\CqrsMovie.Seats.Domain.csproj", "{CF9B3C56-EAAA-436D-9F3A-4239F69FEFFD}"
EndProject
Project("{9A19103F-16F7-4668-BE54-9A1E7A4F7556}") = "CqrsMovie.Seats.Infrastructure", "CqrsMovie.Seats.Infrastructure\CqrsMovie.Seats.Infrastructure.csproj", "{788C150A-321D-4952-BEAD-A5DBA855540F}"
EndProject
Project("{9A19103F-16F7-4668-BE54-9A1E7A4F7556}") = "CqrsMovie.Carts.Domain", "CqrsMovie.Carts.Domain\CqrsMovie.Carts.Domain.csproj", "{2B08CE90-01AB-4199-9A39-4E50F774B50E}"
EndProject
Project("{9A19103F-16F7-4668-BE54-9A1E7A4F7556}") = "CqrsMovie.Carts.Infrastructure", "CqrsMovie.Carts.Infrastructure\CqrsMovie.Carts.Infrastructure.csproj", "{A7DCB30F-8950-4430-AB56-726658833CEC}"
EndProject
Project("{9A19103F-16F7-4668-BE54-9A1E7A4F7556}") = "CqrsMovie.Carts.API", "CqrsMovie.Carts.API\CqrsMovie.Carts.API.csproj", "{2FD58B78-9808-43E6-85FC-D1355F38B3BF}"
EndProject
Project("{9A19103F-16F7-4668-BE54-9A1E7A4F7556}") = "CqrsMovie.SharedKernel", "CqrsMovie.SharedKernel\CqrsMovie.SharedKernel.csproj", "{92766835-A924-43DA-93ED-03C1181F7FEF}"
EndProject
Project("{9A19103F-16F7-4668-BE54-9A1E7A4F7556}") = "CqrsMovie.Seats.ReadModel", "CqrsMovie.Seats.ReadModel\CqrsMovie.Seats.ReadModel.csproj", "{4A69E39A-BDA3-4C8C-8B83-39EAD6406C74}"
EndProject
Project("{2150E333-8FDC-42A3-9474-1A3956D46DE8}") = "Shared", "Shared", "{F6CDFAA4-226E-4E2D-ADF6-9F8B0419C737}"
EndProject
Project("{9A19103F-16F7-4668-BE54-9A1E7A4F7556}") = "CqrsMovie.Core", "CqrsMovie.Core\CqrsMovie.Core.csproj", "{5A56FEEB-8760-4CFD-8C0F-998D9AFA4936}"
EndProject
Project("{2150E333-8FDC-42A3-9474-1A3956D46DE8}") = "Website", "Website", "{1538C122-022F-4FE2-A8B5-5A5F84C610C3}"
EndProject
Project("{9A19103F-16F7-4668-BE54-9A1E7A4F7556}") = "CqrsMovie.Website.Infrastructure", "CqrsMovie.Website.Infrastructure\CqrsMovie.Website.Infrastructure.csproj", "{77E5C50A-267E-4C33-87A6-AFA681B60662}"
EndProject
Project("{9A19103F-16F7-4668-BE54-9A1E7A4F7556}") = "CqrsMovie.Website.ReadModel", "CqrsMovie.Website.ReadModel\CqrsMovie.Website.ReadModel.csproj", "{995346BD-7A06-45FE-A582-C018C1E4CD7B}"
EndProject
Project("{9A19103F-16F7-4668-BE54-9A1E7A4F7556}") = "CqrsMovie.Website", "CqrsMovie.Website\CqrsMovie.Website.csproj", "{DDE84A13-75C4-4CC5-8BB5-7A13B027BE6E}"
EndProject
Project("{9A19103F-16F7-4668-BE54-9A1E7A4F7556}") = "CqrsMovie.Seats.Domain.Tests", "CqrsMovie.Seats.Domain.Tests\CqrsMovie.Seats.Domain.Tests.csproj", "{EF03D4CA-9C66-4862-A6D5-A19C24D3D3BD}"
EndProject
Project("{2150E333-8FDC-42A3-9474-1A3956D46DE8}") = "Tests", "Tests", "{25D49246-2CD2-4FFE-BDC9-2931CB7A3E0A}"
EndProject
Project("{9A19103F-16F7-4668-BE54-9A1E7A4F7556}") = "CqrsMovie.Messages", "CqrsMovie.Messages\CqrsMovie.Messages.csproj", "{8B263A3F-943C-4446-AF40-FFFDDC7B65E0}"
EndProject
Global
	GlobalSection(SolutionConfigurationPlatforms) = preSolution
		Debug|Any CPU = Debug|Any CPU
		Release|Any CPU = Release|Any CPU
	EndGlobalSection
	GlobalSection(ProjectConfigurationPlatforms) = postSolution
		{258E93A1-D79B-457A-A284-777E736C2104}.Debug|Any CPU.ActiveCfg = Debug|Any CPU
		{258E93A1-D79B-457A-A284-777E736C2104}.Debug|Any CPU.Build.0 = Debug|Any CPU
		{258E93A1-D79B-457A-A284-777E736C2104}.Release|Any CPU.ActiveCfg = Release|Any CPU
		{258E93A1-D79B-457A-A284-777E736C2104}.Release|Any CPU.Build.0 = Release|Any CPU
		{CF9B3C56-EAAA-436D-9F3A-4239F69FEFFD}.Debug|Any CPU.ActiveCfg = Debug|Any CPU
		{CF9B3C56-EAAA-436D-9F3A-4239F69FEFFD}.Debug|Any CPU.Build.0 = Debug|Any CPU
		{CF9B3C56-EAAA-436D-9F3A-4239F69FEFFD}.Release|Any CPU.ActiveCfg = Release|Any CPU
		{CF9B3C56-EAAA-436D-9F3A-4239F69FEFFD}.Release|Any CPU.Build.0 = Release|Any CPU
		{788C150A-321D-4952-BEAD-A5DBA855540F}.Debug|Any CPU.ActiveCfg = Debug|Any CPU
		{788C150A-321D-4952-BEAD-A5DBA855540F}.Debug|Any CPU.Build.0 = Debug|Any CPU
		{788C150A-321D-4952-BEAD-A5DBA855540F}.Release|Any CPU.ActiveCfg = Release|Any CPU
		{788C150A-321D-4952-BEAD-A5DBA855540F}.Release|Any CPU.Build.0 = Release|Any CPU
		{2B08CE90-01AB-4199-9A39-4E50F774B50E}.Debug|Any CPU.ActiveCfg = Debug|Any CPU
		{2B08CE90-01AB-4199-9A39-4E50F774B50E}.Debug|Any CPU.Build.0 = Debug|Any CPU
		{2B08CE90-01AB-4199-9A39-4E50F774B50E}.Release|Any CPU.ActiveCfg = Release|Any CPU
		{2B08CE90-01AB-4199-9A39-4E50F774B50E}.Release|Any CPU.Build.0 = Release|Any CPU
		{A7DCB30F-8950-4430-AB56-726658833CEC}.Debug|Any CPU.ActiveCfg = Debug|Any CPU
		{A7DCB30F-8950-4430-AB56-726658833CEC}.Debug|Any CPU.Build.0 = Debug|Any CPU
		{A7DCB30F-8950-4430-AB56-726658833CEC}.Release|Any CPU.ActiveCfg = Release|Any CPU
		{A7DCB30F-8950-4430-AB56-726658833CEC}.Release|Any CPU.Build.0 = Release|Any CPU
		{2FD58B78-9808-43E6-85FC-D1355F38B3BF}.Debug|Any CPU.ActiveCfg = Debug|Any CPU
		{2FD58B78-9808-43E6-85FC-D1355F38B3BF}.Debug|Any CPU.Build.0 = Debug|Any CPU
		{2FD58B78-9808-43E6-85FC-D1355F38B3BF}.Release|Any CPU.ActiveCfg = Release|Any CPU
		{2FD58B78-9808-43E6-85FC-D1355F38B3BF}.Release|Any CPU.Build.0 = Release|Any CPU
		{92766835-A924-43DA-93ED-03C1181F7FEF}.Debug|Any CPU.ActiveCfg = Debug|Any CPU
		{92766835-A924-43DA-93ED-03C1181F7FEF}.Debug|Any CPU.Build.0 = Debug|Any CPU
		{92766835-A924-43DA-93ED-03C1181F7FEF}.Release|Any CPU.ActiveCfg = Release|Any CPU
		{92766835-A924-43DA-93ED-03C1181F7FEF}.Release|Any CPU.Build.0 = Release|Any CPU
		{4A69E39A-BDA3-4C8C-8B83-39EAD6406C74}.Debug|Any CPU.ActiveCfg = Debug|Any CPU
		{4A69E39A-BDA3-4C8C-8B83-39EAD6406C74}.Debug|Any CPU.Build.0 = Debug|Any CPU
		{4A69E39A-BDA3-4C8C-8B83-39EAD6406C74}.Release|Any CPU.ActiveCfg = Release|Any CPU
		{4A69E39A-BDA3-4C8C-8B83-39EAD6406C74}.Release|Any CPU.Build.0 = Release|Any CPU
		{5A56FEEB-8760-4CFD-8C0F-998D9AFA4936}.Debug|Any CPU.ActiveCfg = Debug|Any CPU
		{5A56FEEB-8760-4CFD-8C0F-998D9AFA4936}.Debug|Any CPU.Build.0 = Debug|Any CPU
		{5A56FEEB-8760-4CFD-8C0F-998D9AFA4936}.Release|Any CPU.ActiveCfg = Release|Any CPU
		{5A56FEEB-8760-4CFD-8C0F-998D9AFA4936}.Release|Any CPU.Build.0 = Release|Any CPU
		{77E5C50A-267E-4C33-87A6-AFA681B60662}.Debug|Any CPU.ActiveCfg = Debug|Any CPU
		{77E5C50A-267E-4C33-87A6-AFA681B60662}.Debug|Any CPU.Build.0 = Debug|Any CPU
		{77E5C50A-267E-4C33-87A6-AFA681B60662}.Release|Any CPU.ActiveCfg = Release|Any CPU
		{77E5C50A-267E-4C33-87A6-AFA681B60662}.Release|Any CPU.Build.0 = Release|Any CPU
		{995346BD-7A06-45FE-A582-C018C1E4CD7B}.Debug|Any CPU.ActiveCfg = Debug|Any CPU
		{995346BD-7A06-45FE-A582-C018C1E4CD7B}.Debug|Any CPU.Build.0 = Debug|Any CPU
		{995346BD-7A06-45FE-A582-C018C1E4CD7B}.Release|Any CPU.ActiveCfg = Release|Any CPU
		{995346BD-7A06-45FE-A582-C018C1E4CD7B}.Release|Any CPU.Build.0 = Release|Any CPU
		{DDE84A13-75C4-4CC5-8BB5-7A13B027BE6E}.Debug|Any CPU.ActiveCfg = Debug|Any CPU
		{DDE84A13-75C4-4CC5-8BB5-7A13B027BE6E}.Debug|Any CPU.Build.0 = Debug|Any CPU
		{DDE84A13-75C4-4CC5-8BB5-7A13B027BE6E}.Release|Any CPU.ActiveCfg = Release|Any CPU
		{DDE84A13-75C4-4CC5-8BB5-7A13B027BE6E}.Release|Any CPU.Build.0 = Release|Any CPU
		{EF03D4CA-9C66-4862-A6D5-A19C24D3D3BD}.Debug|Any CPU.ActiveCfg = Debug|Any CPU
		{EF03D4CA-9C66-4862-A6D5-A19C24D3D3BD}.Debug|Any CPU.Build.0 = Debug|Any CPU
		{EF03D4CA-9C66-4862-A6D5-A19C24D3D3BD}.Release|Any CPU.ActiveCfg = Release|Any CPU
		{EF03D4CA-9C66-4862-A6D5-A19C24D3D3BD}.Release|Any CPU.Build.0 = Release|Any CPU
		{8B263A3F-943C-4446-AF40-FFFDDC7B65E0}.Debug|Any CPU.ActiveCfg = Debug|Any CPU
		{8B263A3F-943C-4446-AF40-FFFDDC7B65E0}.Debug|Any CPU.Build.0 = Debug|Any CPU
		{8B263A3F-943C-4446-AF40-FFFDDC7B65E0}.Release|Any CPU.ActiveCfg = Release|Any CPU
		{8B263A3F-943C-4446-AF40-FFFDDC7B65E0}.Release|Any CPU.Build.0 = Release|Any CPU
	EndGlobalSection
	GlobalSection(SolutionProperties) = preSolution
		HideSolutionNode = FALSE
	EndGlobalSection
	GlobalSection(NestedProjects) = preSolution
		{258E93A1-D79B-457A-A284-777E736C2104} = {9E147D48-8096-4FD3-B6E9-F6999210F079}
		{CF9B3C56-EAAA-436D-9F3A-4239F69FEFFD} = {9E147D48-8096-4FD3-B6E9-F6999210F079}
		{788C150A-321D-4952-BEAD-A5DBA855540F} = {9E147D48-8096-4FD3-B6E9-F6999210F079}
		{2B08CE90-01AB-4199-9A39-4E50F774B50E} = {4FC3B7ED-685E-42D7-A18D-56E966E1E162}
		{A7DCB30F-8950-4430-AB56-726658833CEC} = {4FC3B7ED-685E-42D7-A18D-56E966E1E162}
		{2FD58B78-9808-43E6-85FC-D1355F38B3BF} = {4FC3B7ED-685E-42D7-A18D-56E966E1E162}
		{92766835-A924-43DA-93ED-03C1181F7FEF} = {F6CDFAA4-226E-4E2D-ADF6-9F8B0419C737}
		{4A69E39A-BDA3-4C8C-8B83-39EAD6406C74} = {9E147D48-8096-4FD3-B6E9-F6999210F079}
		{5A56FEEB-8760-4CFD-8C0F-998D9AFA4936} = {F6CDFAA4-226E-4E2D-ADF6-9F8B0419C737}
		{77E5C50A-267E-4C33-87A6-AFA681B60662} = {1538C122-022F-4FE2-A8B5-5A5F84C610C3}
		{995346BD-7A06-45FE-A582-C018C1E4CD7B} = {1538C122-022F-4FE2-A8B5-5A5F84C610C3}
		{DDE84A13-75C4-4CC5-8BB5-7A13B027BE6E} = {1538C122-022F-4FE2-A8B5-5A5F84C610C3}
		{EF03D4CA-9C66-4862-A6D5-A19C24D3D3BD} = {25D49246-2CD2-4FFE-BDC9-2931CB7A3E0A}
		{25D49246-2CD2-4FFE-BDC9-2931CB7A3E0A} = {9E147D48-8096-4FD3-B6E9-F6999210F079}
		{8B263A3F-943C-4446-AF40-FFFDDC7B65E0} = {F6CDFAA4-226E-4E2D-ADF6-9F8B0419C737}
	EndGlobalSection
	GlobalSection(ExtensibilityGlobals) = postSolution
		SolutionGuid = {596E135C-5B9F-40DE-A6E4-E6F879B9D328}
	EndGlobalSection
EndGlobal
